<?xml version="1.0" encoding="utf-8"?>
<Project ToolsVersion="4.0" xmlns="http://schemas.microsoft.com/developer/msbuild/2003">
  <ItemGroup>
    <Filter Include="Source Files">
      <UniqueIdentifier>{4FC737F1-C7A5-4376-A066-2A32D752A2FF}</UniqueIdentifier>
      <Extensions>cpp;c;cc;cxx;def;odl;idl;hpj;bat;asm;asmx</Extensions>
    </Filter>
    <Filter Include="Resource Files">
      <UniqueIdentifier>{67DA6AB6-F800-4c08-8B7A-83BB121AAD01}</UniqueIdentifier>
      <Extensions>rc;ico;cur;bmp;dlg;rc2;rct;bin;rgs;gif;jpg;jpeg;jpe;resx;tiff;tif;png;wav;mfcribbon-ms</Extensions>
    </Filter>
    <Filter Include="Common">
      <UniqueIdentifier>{3f875109-ac4c-44f9-ae37-4dbe7eb5ed83}</UniqueIdentifier>
    </Filter>
    <Filter Include="Header Files">
      <UniqueIdentifier>{93995380-89BD-4b04-88EB-625FBE52EBFB}</UniqueIdentifier>
      <Extensions>h;hh;hpp;hxx;hm;inl;inc;xsd</Extensions>
    </Filter>
    <Filter Include="Common\define">
      <UniqueIdentifier>{375bbd28-6955-49ef-b943-4572de725096}</UniqueIdentifier>
    </Filter>
    <Filter Include="Common\include">
      <UniqueIdentifier>{66903b64-da34-4d96-98d8-0c6de75a22e5}</UniqueIdentifier>
    </Filter>
    <Filter Include="Common\utility">
      <UniqueIdentifier>{bfaae51c-dfac-4819-9860-5dca0de54352}</UniqueIdentifier>
    </Filter>
  </ItemGroup>
  <ItemGroup>
    <Text Include="ReadMe.txt" />
  </ItemGroup>
  <ItemGroup>
    <ClInclude Include="stdafx.h">
      <Filter>Header Files</Filter>
    </ClInclude>
    <ClInclude Include="targetver.h">
      <Filter>Header Files</Filter>
    </ClInclude>
    <ClInclude Include="OperationManagerImpl.h">
      <Filter>Header Files</Filter>
    </ClInclude>
    <ClInclude Include="UserSystem.h">
      <Filter>Header Files</Filter>
    </ClInclude>
    <ClInclude Include="AuthorityControl.h">
      <Filter>Header Files</Filter>
    </ClInclude>
    <ClInclude Include="DBOpTradeCenter.h">
      <Filter>Header Files</Filter>
    </ClInclude>
    <ClInclude Include="..\..\Common\define\struct_extern.h">
      <Filter>Common\define</Filter>
    </ClInclude>
    <ClInclude Include="..\..\Common\define\params_declare.h">
      <Filter>Common\define</Filter>
    </ClInclude>
    <ClInclude Include="..\..\Common\define\protocol_error.h">
      <Filter>Common\define</Filter>
    </ClInclude>
    <ClInclude Include="..\..\Common\define\struct_base.h">
      <Filter>Common\define</Filter>
    </ClInclude>
    <ClInclude Include="..\..\Common\define\struct_declare.h">
      <Filter>Common\define</Filter>
    </ClInclude>
    <ClInclude Include="..\..\Common\include\OperationManager\OperationManager.h">
      <Filter>Common\include</Filter>
    </ClInclude>
    <ClInclude Include="..\..\Common\utility\scopeguard.h">
      <Filter>Common\utility</Filter>
    </ClInclude>
    <ClInclude Include="..\..\Common\utility\instance.h">
      <Filter>Common\utility</Filter>
    </ClInclude>
    <ClInclude Include="..\..\Common\utility\instance_shared_from_this.h">
      <Filter>Common\utility</Filter>
    </ClInclude>
    <ClInclude Include="..\..\Common\utility\utility_fun.h">
      <Filter>Common\utility</Filter>
    </ClInclude>
    <ClInclude Include="DBOpManagerCenter.h">
      <Filter>Header Files</Filter>
    </ClInclude>
    <ClInclude Include="..\..\Common\define\ystruct_define.h">
      <Filter>Common\define</Filter>
    </ClInclude>
  </ItemGroup>
  <ItemGroup>
    <ClCompile Include="stdafx.cpp">
      <Filter>Source Files</Filter>
    </ClCompile>
    <ClCompile Include="OperationManager.cpp">
      <Filter>Source Files</Filter>
    </ClCompile>
    <ClCompile Include="dllmain.cpp">
      <Filter>Source Files</Filter>
    </ClCompile>
    <ClCompile Include="OperationManagerImpl.cpp">
      <Filter>Source Files</Filter>
    </ClCompile>
    <ClCompile Include="UserSystem.cpp">
      <Filter>Source Files</Filter>
    </ClCompile>
    <ClCompile Include="AuthorityControl.cpp">
      <Filter>Source Files</Filter>
    </ClCompile>
    <ClCompile Include="DBOpTradeCenter.cpp">
      <Filter>Source Files</Filter>
    </ClCompile>
    <ClCompile Include="..\..\Common\define\struct_base.cpp">
      <Filter>Common\define</Filter>
    </ClCompile>
    <ClCompile Include="..\..\Common\define\struct_extern.cpp">
      <Filter>Common\define</Filter>
    </ClCompile>
    <ClCompile Include="..\..\Common\utility\utility_fun.cpp">
      <Filter>Common\utility</Filter>
    </ClCompile>
    <ClCompile Include="DBOpManagerCenter.cpp">
      <Filter>Source Files</Filter>
    </ClCompile>
    <ClCompile Include="..\..\Common\define\ystruct_define.cpp">
      <Filter>Common\define</Filter>
    </ClCompile>
  </ItemGroup>
</Project>